
Microsoft Visual Studio Solution File, Format Version 12.00
# Visual Studio Version 17
Project("{8BC9CEB8-8B4A-11D0-8D11-00A0C91BC942}") = "ALL_BUILD", "ALL_BUILD.vcxproj", "{E7A2D490-7E86-3C96-AF21-4B84F56B5F53}"
	ProjectSection(ProjectDependencies) = postProject
		{06F58964-63F7-3EE2-BDAE-42E17B6AD146} = {06F58964-63F7-3EE2-BDAE-42E17B6AD146}
		{8CED1232-C261-3ED4-AA7D-C7B889D0BCB3} = {8CED1232-C261-3ED4-AA7D-C7B889D0BCB3}
		{F8091B53-DCC3-33E1-961E-412A7BAFD3FA} = {F8091B53-DCC3-33E1-961E-412A7BAFD3FA}
		{3E53E529-FFF3-3478-A559-E85BCC29980F} = {3E53E529-FFF3-3478-A559-E85BCC29980F}
		{85071636-C0B3-368D-96E2-4446C8F1CC6A} = {85071636-C0B3-368D-96E2-4446C8F1CC6A}
		{76586535-04C4-31E4-9500-C66336B41BAC} = {76586535-04C4-31E4-9500-C66336B41BAC}
		{3CC7FCE0-4C0C-3454-8BE6-5E031884C42F} = {3CC7FCE0-4C0C-3454-8BE6-5E031884C42F}
		{7A2C678C-87BF-3D09-AEA2-5FAD41D3C0F6} = {7A2C678C-87BF-3D09-AEA2-5FAD41D3C0F6}
		{D5240C1F-A8B0-3701-821F-D37E8AF84392} = {D5240C1F-A8B0-3701-821F-D37E8AF84392}
		{1698A109-2333-37CF-81CA-CC7508EF91B7} = {1698A109-2333-37CF-81CA-CC7508EF91B7}
		{721F9489-4311-3E86-912D-9FB042538C3A} = {721F9489-4311-3E86-912D-9FB042538C3A}
		{5D04DA49-8403-3434-842D-952E102E05DC} = {5D04DA49-8403-3434-842D-952E102E05DC}
		{8A085646-0D49-3972-BF86-C0B8A60BDE3C} = {8A085646-0D49-3972-BF86-C0B8A60BDE3C}
		{AC50E455-8B3A-35FB-978E-E77C73AC43ED} = {AC50E455-8B3A-35FB-978E-E77C73AC43ED}
		{3A1532CC-77B7-3D12-801D-9C10109290C4} = {3A1532CC-77B7-3D12-801D-9C10109290C4}
		{22794454-A6B8-3348-A10E-25520D28682B} = {22794454-A6B8-3348-A10E-25520D28682B}
		{9F5C429C-3269-30CF-94B6-B7DD193817D9} = {9F5C429C-3269-30CF-94B6-B7DD193817D9}
		{0C67F6F7-F913-3A96-8E72-730CC410E83F} = {0C67F6F7-F913-3A96-8E72-730CC410E83F}
		{A2D158CE-2B5E-3B3A-A5A5-953B0190D504} = {A2D158CE-2B5E-3B3A-A5A5-953B0190D504}
		{83B94677-88B4-316B-87B0-82D45C8EE865} = {83B94677-88B4-316B-87B0-82D45C8EE865}
		{D65F402A-C94E-3354-8C0A-F02978EE6B25} = {D65F402A-C94E-3354-8C0A-F02978EE6B25}
		{49FFE441-CB8A-3C4B-8E6B-7969AEBCE507} = {49FFE441-CB8A-3C4B-8E6B-7969AEBCE507}
		{016ACB7C-4340-3F3F-8873-2DE0591F2ECA} = {016ACB7C-4340-3F3F-8873-2DE0591F2ECA}
		{AAE93B61-6B3E-3F04-B640-F4D6BC378051} = {AAE93B61-6B3E-3F04-B640-F4D6BC378051}
		{A5804AF6-DB22-3608-A91A-404227EC57FC} = {A5804AF6-DB22-3608-A91A-404227EC57FC}
		{8AE215F8-09EA-3939-85CD-4F0B978624C6} = {8AE215F8-09EA-3939-85CD-4F0B978624C6}
		{77DBBE7D-52B6-35FC-8DDF-6B6E38B9BBAA} = {77DBBE7D-52B6-35FC-8DDF-6B6E38B9BBAA}
		{94C8ED9B-2D44-399B-A892-35E7C75505C0} = {94C8ED9B-2D44-399B-A892-35E7C75505C0}
		{4E8126B0-5753-36FA-8360-E10A68C5855B} = {4E8126B0-5753-36FA-8360-E10A68C5855B}
		{FC4CA7B4-A642-3791-BE42-5B6F3FEE5F72} = {FC4CA7B4-A642-3791-BE42-5B6F3FEE5F72}
		{FA856BD4-C3CB-3694-B91B-1970D8948E79} = {FA856BD4-C3CB-3694-B91B-1970D8948E79}
		{9DF7618E-2364-3387-9148-BE3E3DAA5076} = {9DF7618E-2364-3387-9148-BE3E3DAA5076}
		{4325AB07-0639-33B8-8448-4D554CBC62D2} = {4325AB07-0639-33B8-8448-4D554CBC62D2}
		{497F1062-6F3F-3CA0-A728-DF62DD77FCB1} = {497F1062-6F3F-3CA0-A728-DF62DD77FCB1}
	EndProjectSection
EndProject
Project("{8BC9CEB8-8B4A-11D0-8D11-00A0C91BC942}") = "INSTALL", "INSTALL.vcxproj", "{7378FA4C-F4FA-35B5-B122-9354908E00F6}"
	ProjectSection(ProjectDependencies) = postProject
		{E7A2D490-7E86-3C96-AF21-4B84F56B5F53} = {E7A2D490-7E86-3C96-AF21-4B84F56B5F53}
		{497F1062-6F3F-3CA0-A728-DF62DD77FCB1} = {497F1062-6F3F-3CA0-A728-DF62DD77FCB1}
	EndProjectSection
EndProject
Project("{8BC9CEB8-8B4A-11D0-8D11-00A0C91BC942}") = "MyEngine", "finalProject\ESTCPOSDA\FinalProject\Engine\MyEngine.vcxproj", "{06F58964-63F7-3EE2-BDAE-42E17B6AD146}"
	ProjectSection(ProjectDependencies) = postProject
		{8CED1232-C261-3ED4-AA7D-C7B889D0BCB3} = {8CED1232-C261-3ED4-AA7D-C7B889D0BCB3}
		{497F1062-6F3F-3CA0-A728-DF62DD77FCB1} = {497F1062-6F3F-3CA0-A728-DF62DD77FCB1}
	EndProjectSection
EndProject
Project("{8BC9CEB8-8B4A-11D0-8D11-00A0C91BC942}") = "SRE", "submodules\SimpleRenderEngine\src\SRE.vcxproj", "{8CED1232-C261-3ED4-AA7D-C7B889D0BCB3}"
	ProjectSection(ProjectDependencies) = postProject
		{497F1062-6F3F-3CA0-A728-DF62DD77FCB1} = {497F1062-6F3F-3CA0-A728-DF62DD77FCB1}
	EndProjectSection
EndProject
Project("{8BC9CEB8-8B4A-11D0-8D11-00A0C91BC942}") = "SRE-Example-00_hello-engine", "submodules\SimpleRenderEngine\examples\SRE-Example-00_hello-engine.vcxproj", "{F8091B53-DCC3-33E1-961E-412A7BAFD3FA}"
	ProjectSection(ProjectDependencies) = postProject
		{8CED1232-C261-3ED4-AA7D-C7B889D0BCB3} = {8CED1232-C261-3ED4-AA7D-C7B889D0BCB3}
		{497F1062-6F3F-3CA0-A728-DF62DD77FCB1} = {497F1062-6F3F-3CA0-A728-DF62DD77FCB1}
	EndProjectSection
EndProject
Project("{8BC9CEB8-8B4A-11D0-8D11-00A0C91BC942}") = "SRE-Example-01_hello-engine-raw", "submodules\SimpleRenderEngine\examples\SRE-Example-01_hello-engine-raw.vcxproj", "{3E53E529-FFF3-3478-A559-E85BCC29980F}"
	ProjectSection(ProjectDependencies) = postProject
		{8CED1232-C261-3ED4-AA7D-C7B889D0BCB3} = {8CED1232-C261-3ED4-AA7D-C7B889D0BCB3}
		{497F1062-6F3F-3CA0-A728-DF62DD77FCB1} = {497F1062-6F3F-3CA0-A728-DF62DD77FCB1}
	EndProjectSection
EndProject
Project("{8BC9CEB8-8B4A-11D0-8D11-00A0C91BC942}") = "SRE-Example-02_spheres", "submodules\SimpleRenderEngine\examples\SRE-Example-02_spheres.vcxproj", "{85071636-C0B3-368D-96E2-4446C8F1CC6A}"
	ProjectSection(ProjectDependencies) = postProject
		{8CED1232-C261-3ED4-AA7D-C7B889D0BCB3} = {8CED1232-C261-3ED4-AA7D-C7B889D0BCB3}
		{497F1062-6F3F-3CA0-A728-DF62DD77FCB1} = {497F1062-6F3F-3CA0-A728-DF62DD77FCB1}
	EndProjectSection
EndProject
Project("{8BC9CEB8-8B4A-11D0-8D11-00A0C91BC942}") = "SRE-Example-03_spinning-cube", "submodules\SimpleRenderEngine\examples\SRE-Example-03_spinning-cube.vcxproj", "{76586535-04C4-31E4-9500-C66336B41BAC}"
	ProjectSection(ProjectDependencies) = postProject
		{8CED1232-C261-3ED4-AA7D-C7B889D0BCB3} = {8CED1232-C261-3ED4-AA7D-C7B889D0BCB3}
		{497F1062-6F3F-3CA0-A728-DF62DD77FCB1} = {497F1062-6F3F-3CA0-A728-DF62DD77FCB1}
	EndProjectSection
EndProject
Project("{8BC9CEB8-8B4A-11D0-8D11-00A0C91BC942}") = "SRE-Example-04_spinning-primitives-tex", "submodules\SimpleRenderEngine\examples\SRE-Example-04_spinning-primitives-tex.vcxproj", "{3CC7FCE0-4C0C-3454-8BE6-5E031884C42F}"
	ProjectSection(ProjectDependencies) = postProject
		{8CED1232-C261-3ED4-AA7D-C7B889D0BCB3} = {8CED1232-C261-3ED4-AA7D-C7B889D0BCB3}
		{497F1062-6F3F-3CA0-A728-DF62DD77FCB1} = {497F1062-6F3F-3CA0-A728-DF62DD77FCB1}
	EndProjectSection
EndProject
Project("{8BC9CEB8-8B4A-11D0-8D11-00A0C91BC942}") = "SRE-Example-05_obj-viewer", "submodules\SimpleRenderEngine\examples\SRE-Example-05_obj-viewer.vcxproj", "{7A2C678C-87BF-3D09-AEA2-5FAD41D3C0F6}"
	ProjectSection(ProjectDependencies) = postProject
		{8CED1232-C261-3ED4-AA7D-C7B889D0BCB3} = {8CED1232-C261-3ED4-AA7D-C7B889D0BCB3}
		{497F1062-6F3F-3CA0-A728-DF62DD77FCB1} = {497F1062-6F3F-3CA0-A728-DF62DD77FCB1}
	EndProjectSection
EndProject
Project("{8BC9CEB8-8B4A-11D0-8D11-00A0C91BC942}") = "SRE-Example-06_custom-mesh-layout", "submodules\SimpleRenderEngine\examples\SRE-Example-06_custom-mesh-layout.vcxproj", "{D5240C1F-A8B0-3701-821F-D37E8AF84392}"
	ProjectSection(ProjectDependencies) = postProject
		{8CED1232-C261-3ED4-AA7D-C7B889D0BCB3} = {8CED1232-C261-3ED4-AA7D-C7B889D0BCB3}
		{497F1062-6F3F-3CA0-A728-DF62DD77FCB1} = {497F1062-6F3F-3CA0-A728-DF62DD77FCB1}
	EndProjectSection
EndProject
Project("{8BC9CEB8-8B4A-11D0-8D11-00A0C91BC942}") = "SRE-Example-07_matcap", "submodules\SimpleRenderEngine\examples\SRE-Example-07_matcap.vcxproj", "{1698A109-2333-37CF-81CA-CC7508EF91B7}"
	ProjectSection(ProjectDependencies) = postProject
		{8CED1232-C261-3ED4-AA7D-C7B889D0BCB3} = {8CED1232-C261-3ED4-AA7D-C7B889D0BCB3}
		{497F1062-6F3F-3CA0-A728-DF62DD77FCB1} = {497F1062-6F3F-3CA0-A728-DF62DD77FCB1}
	EndProjectSection
EndProject
Project("{8BC9CEB8-8B4A-11D0-8D11-00A0C91BC942}") = "SRE-Example-08_gui", "submodules\SimpleRenderEngine\examples\SRE-Example-08_gui.vcxproj", "{721F9489-4311-3E86-912D-9FB042538C3A}"
	ProjectSection(ProjectDependencies) = postProject
		{8CED1232-C261-3ED4-AA7D-C7B889D0BCB3} = {8CED1232-C261-3ED4-AA7D-C7B889D0BCB3}
		{497F1062-6F3F-3CA0-A728-DF62DD77FCB1} = {497F1062-6F3F-3CA0-A728-DF62DD77FCB1}
	EndProjectSection
EndProject
Project("{8BC9CEB8-8B4A-11D0-8D11-00A0C91BC942}") = "SRE-Example-09_picking", "submodules\SimpleRenderEngine\examples\SRE-Example-09_picking.vcxproj", "{5D04DA49-8403-3434-842D-952E102E05DC}"
	ProjectSection(ProjectDependencies) = postProject
		{8CED1232-C261-3ED4-AA7D-C7B889D0BCB3} = {8CED1232-C261-3ED4-AA7D-C7B889D0BCB3}
		{497F1062-6F3F-3CA0-A728-DF62DD77FCB1} = {497F1062-6F3F-3CA0-A728-DF62DD77FCB1}
	EndProjectSection
EndProject
Project("{8BC9CEB8-8B4A-11D0-8D11-00A0C91BC942}") = "SRE-Example-10_skybox-example", "submodules\SimpleRenderEngine\examples\SRE-Example-10_skybox-example.vcxproj", "{8A085646-0D49-3972-BF86-C0B8A60BDE3C}"
	ProjectSection(ProjectDependencies) = postProject
		{8CED1232-C261-3ED4-AA7D-C7B889D0BCB3} = {8CED1232-C261-3ED4-AA7D-C7B889D0BCB3}
		{497F1062-6F3F-3CA0-A728-DF62DD77FCB1} = {497F1062-6F3F-3CA0-A728-DF62DD77FCB1}
	EndProjectSection
EndProject
Project("{8BC9CEB8-8B4A-11D0-8D11-00A0C91BC942}") = "SRE-Example-11_sprite-example", "submodules\SimpleRenderEngine\examples\SRE-Example-11_sprite-example.vcxproj", "{AC50E455-8B3A-35FB-978E-E77C73AC43ED}"
	ProjectSection(ProjectDependencies) = postProject
		{8CED1232-C261-3ED4-AA7D-C7B889D0BCB3} = {8CED1232-C261-3ED4-AA7D-C7B889D0BCB3}
		{497F1062-6F3F-3CA0-A728-DF62DD77FCB1} = {497F1062-6F3F-3CA0-A728-DF62DD77FCB1}
	EndProjectSection
EndProject
Project("{8BC9CEB8-8B4A-11D0-8D11-00A0C91BC942}") = "SRE-Example-12_render-to-texture", "submodules\SimpleRenderEngine\examples\SRE-Example-12_render-to-texture.vcxproj", "{3A1532CC-77B7-3D12-801D-9C10109290C4}"
	ProjectSection(ProjectDependencies) = postProject
		{8CED1232-C261-3ED4-AA7D-C7B889D0BCB3} = {8CED1232-C261-3ED4-AA7D-C7B889D0BCB3}
		{497F1062-6F3F-3CA0-A728-DF62DD77FCB1} = {497F1062-6F3F-3CA0-A728-DF62DD77FCB1}
	EndProjectSection
EndProject
Project("{8BC9CEB8-8B4A-11D0-8D11-00A0C91BC942}") = "SRE-Example-13_benchmark64k", "submodules\SimpleRenderEngine\examples\SRE-Example-13_benchmark64k.vcxproj", "{22794454-A6B8-3348-A10E-25520D28682B}"
	ProjectSection(ProjectDependencies) = postProject
		{8CED1232-C261-3ED4-AA7D-C7B889D0BCB3} = {8CED1232-C261-3ED4-AA7D-C7B889D0BCB3}
		{497F1062-6F3F-3CA0-A728-DF62DD77FCB1} = {497F1062-6F3F-3CA0-A728-DF62DD77FCB1}
	EndProjectSection
EndProject
Project("{8BC9CEB8-8B4A-11D0-8D11-00A0C91BC942}") = "SRE-Example-14_spinning-primitives-openvr", "submodules\SimpleRenderEngine\examples\SRE-Example-14_spinning-primitives-openvr.vcxproj", "{9F5C429C-3269-30CF-94B6-B7DD193817D9}"
	ProjectSection(ProjectDependencies) = postProject
		{8CED1232-C261-3ED4-AA7D-C7B889D0BCB3} = {8CED1232-C261-3ED4-AA7D-C7B889D0BCB3}
		{497F1062-6F3F-3CA0-A728-DF62DD77FCB1} = {497F1062-6F3F-3CA0-A728-DF62DD77FCB1}
	EndProjectSection
EndProject
Project("{8BC9CEB8-8B4A-11D0-8D11-00A0C91BC942}") = "SRE-Example-15_cloth_simulation", "submodules\SimpleRenderEngine\examples\SRE-Example-15_cloth_simulation.vcxproj", "{0C67F6F7-F913-3A96-8E72-730CC410E83F}"
	ProjectSection(ProjectDependencies) = postProject
		{8CED1232-C261-3ED4-AA7D-C7B889D0BCB3} = {8CED1232-C261-3ED4-AA7D-C7B889D0BCB3}
		{497F1062-6F3F-3CA0-A728-DF62DD77FCB1} = {497F1062-6F3F-3CA0-A728-DF62DD77FCB1}
	EndProjectSection
EndProject
Project("{8BC9CEB8-8B4A-11D0-8D11-00A0C91BC942}") = "SRE-Example-16_shadows", "submodules\SimpleRenderEngine\examples\SRE-Example-16_shadows.vcxproj", "{A2D158CE-2B5E-3B3A-A5A5-953B0190D504}"
	ProjectSection(ProjectDependencies) = postProject
		{8CED1232-C261-3ED4-AA7D-C7B889D0BCB3} = {8CED1232-C261-3ED4-AA7D-C7B889D0BCB3}
		{497F1062-6F3F-3CA0-A728-DF62DD77FCB1} = {497F1062-6F3F-3CA0-A728-DF62DD77FCB1}
	EndProjectSection
EndProject
Project("{8BC9CEB8-8B4A-11D0-8D11-00A0C91BC942}") = "SRE-Example-17_deferred-shading", "submodules\SimpleRenderEngine\examples\SRE-Example-17_deferred-shading.vcxproj", "{83B94677-88B4-316B-87B0-82D45C8EE865}"
	ProjectSection(ProjectDependencies) = postProject
		{8CED1232-C261-3ED4-AA7D-C7B889D0BCB3} = {8CED1232-C261-3ED4-AA7D-C7B889D0BCB3}
		{497F1062-6F3F-3CA0-A728-DF62DD77FCB1} = {497F1062-6F3F-3CA0-A728-DF62DD77FCB1}
	EndProjectSection
EndProject
Project("{8BC9CEB8-8B4A-11D0-8D11-00A0C91BC942}") = "SRE-Gui", "project\gui\SRE-Gui.vcxproj", "{D65F402A-C94E-3354-8C0A-F02978EE6B25}"
	ProjectSection(ProjectDependencies) = postProject
		{8CED1232-C261-3ED4-AA7D-C7B889D0BCB3} = {8CED1232-C261-3ED4-AA7D-C7B889D0BCB3}
		{497F1062-6F3F-3CA0-A728-DF62DD77FCB1} = {497F1062-6F3F-3CA0-A728-DF62DD77FCB1}
	EndProjectSection
EndProject
Project("{8BC9CEB8-8B4A-11D0-8D11-00A0C91BC942}") = "SRE-ParticleSystem", "project\particle_system\SRE-ParticleSystem.vcxproj", "{49FFE441-CB8A-3C4B-8E6B-7969AEBCE507}"
	ProjectSection(ProjectDependencies) = postProject
		{8CED1232-C261-3ED4-AA7D-C7B889D0BCB3} = {8CED1232-C261-3ED4-AA7D-C7B889D0BCB3}
		{497F1062-6F3F-3CA0-A728-DF62DD77FCB1} = {497F1062-6F3F-3CA0-A728-DF62DD77FCB1}
	EndProjectSection
EndProject
Project("{8BC9CEB8-8B4A-11D0-8D11-00A0C91BC942}") = "SRE-Platformer", "project\platformer\SRE-Platformer.vcxproj", "{016ACB7C-4340-3F3F-8873-2DE0591F2ECA}"
	ProjectSection(ProjectDependencies) = postProject
		{8CED1232-C261-3ED4-AA7D-C7B889D0BCB3} = {8CED1232-C261-3ED4-AA7D-C7B889D0BCB3}
		{497F1062-6F3F-3CA0-A728-DF62DD77FCB1} = {497F1062-6F3F-3CA0-A728-DF62DD77FCB1}
	EndProjectSection
EndProject
Project("{8BC9CEB8-8B4A-11D0-8D11-00A0C91BC942}") = "SRE-box2d-Testbed", "project\Box2DTestbed\SRE-box2d-Testbed.vcxproj", "{AAE93B61-6B3E-3F04-B640-F4D6BC378051}"
	ProjectSection(ProjectDependencies) = postProject
		{8CED1232-C261-3ED4-AA7D-C7B889D0BCB3} = {8CED1232-C261-3ED4-AA7D-C7B889D0BCB3}
		{497F1062-6F3F-3CA0-A728-DF62DD77FCB1} = {497F1062-6F3F-3CA0-A728-DF62DD77FCB1}
	EndProjectSection
EndProject
Project("{8BC9CEB8-8B4A-11D0-8D11-00A0C91BC942}") = "SRE-box2d-example", "project\SRE-box2d-example.vcxproj", "{A5804AF6-DB22-3608-A91A-404227EC57FC}"
	ProjectSection(ProjectDependencies) = postProject
		{8CED1232-C261-3ED4-AA7D-C7B889D0BCB3} = {8CED1232-C261-3ED4-AA7D-C7B889D0BCB3}
		{497F1062-6F3F-3CA0-A728-DF62DD77FCB1} = {497F1062-6F3F-3CA0-A728-DF62DD77FCB1}
	EndProjectSection
EndProject
Project("{8BC9CEB8-8B4A-11D0-8D11-00A0C91BC942}") = "SRE-box2d-platform-example", "project\SRE-box2d-platform-example.vcxproj", "{8AE215F8-09EA-3939-85CD-4F0B978624C6}"
	ProjectSection(ProjectDependencies) = postProject
		{8CED1232-C261-3ED4-AA7D-C7B889D0BCB3} = {8CED1232-C261-3ED4-AA7D-C7B889D0BCB3}
		{497F1062-6F3F-3CA0-A728-DF62DD77FCB1} = {497F1062-6F3F-3CA0-A728-DF62DD77FCB1}
	EndProjectSection
EndProject
Project("{8BC9CEB8-8B4A-11D0-8D11-00A0C91BC942}") = "SRE-lua-example", "project\SRE-lua-example.vcxproj", "{77DBBE7D-52B6-35FC-8DDF-6B6E38B9BBAA}"
	ProjectSection(ProjectDependencies) = postProject
		{8CED1232-C261-3ED4-AA7D-C7B889D0BCB3} = {8CED1232-C261-3ED4-AA7D-C7B889D0BCB3}
		{497F1062-6F3F-3CA0-A728-DF62DD77FCB1} = {497F1062-6F3F-3CA0-A728-DF62DD77FCB1}
	EndProjectSection
EndProject
Project("{8BC9CEB8-8B4A-11D0-8D11-00A0C91BC942}") = "SRE-lua-example-lines", "project\SRE-lua-example-lines.vcxproj", "{94C8ED9B-2D44-399B-A892-35E7C75505C0}"
	ProjectSection(ProjectDependencies) = postProject
		{8CED1232-C261-3ED4-AA7D-C7B889D0BCB3} = {8CED1232-C261-3ED4-AA7D-C7B889D0BCB3}
		{497F1062-6F3F-3CA0-A728-DF62DD77FCB1} = {497F1062-6F3F-3CA0-A728-DF62DD77FCB1}
	EndProjectSection
EndProject
Project("{8BC9CEB8-8B4A-11D0-8D11-00A0C91BC942}") = "SRE-node-editor", "project\SRE-node-editor.vcxproj", "{4E8126B0-5753-36FA-8360-E10A68C5855B}"
	ProjectSection(ProjectDependencies) = postProject
		{8CED1232-C261-3ED4-AA7D-C7B889D0BCB3} = {8CED1232-C261-3ED4-AA7D-C7B889D0BCB3}
		{497F1062-6F3F-3CA0-A728-DF62DD77FCB1} = {497F1062-6F3F-3CA0-A728-DF62DD77FCB1}
	EndProjectSection
EndProject
Project("{8BC9CEB8-8B4A-11D0-8D11-00A0C91BC942}") = "SRE-project", "project\SRE-project.vcxproj", "{FC4CA7B4-A642-3791-BE42-5B6F3FEE5F72}"
	ProjectSection(ProjectDependencies) = postProject
		{8CED1232-C261-3ED4-AA7D-C7B889D0BCB3} = {8CED1232-C261-3ED4-AA7D-C7B889D0BCB3}
		{497F1062-6F3F-3CA0-A728-DF62DD77FCB1} = {497F1062-6F3F-3CA0-A728-DF62DD77FCB1}
	EndProjectSection
EndProject
Project("{8BC9CEB8-8B4A-11D0-8D11-00A0C91BC942}") = "SRE-scene-graph", "project\SRE-scene-graph.vcxproj", "{FA856BD4-C3CB-3694-B91B-1970D8948E79}"
	ProjectSection(ProjectDependencies) = postProject
		{8CED1232-C261-3ED4-AA7D-C7B889D0BCB3} = {8CED1232-C261-3ED4-AA7D-C7B889D0BCB3}
		{497F1062-6F3F-3CA0-A728-DF62DD77FCB1} = {497F1062-6F3F-3CA0-A728-DF62DD77FCB1}
	EndProjectSection
EndProject
Project("{8BC9CEB8-8B4A-11D0-8D11-00A0C91BC942}") = "SRE-sdl2_mixer-example", "project\SRE-sdl2_mixer-example.vcxproj", "{9DF7618E-2364-3387-9148-BE3E3DAA5076}"
	ProjectSection(ProjectDependencies) = postProject
		{8CED1232-C261-3ED4-AA7D-C7B889D0BCB3} = {8CED1232-C261-3ED4-AA7D-C7B889D0BCB3}
		{497F1062-6F3F-3CA0-A728-DF62DD77FCB1} = {497F1062-6F3F-3CA0-A728-DF62DD77FCB1}
	EndProjectSection
EndProject
Project("{8BC9CEB8-8B4A-11D0-8D11-00A0C91BC942}") = "Simulation", "finalProject\ESTCPOSDA\FinalProject\Simulation\Simulation.vcxproj", "{4325AB07-0639-33B8-8448-4D554CBC62D2}"
	ProjectSection(ProjectDependencies) = postProject
		{06F58964-63F7-3EE2-BDAE-42E17B6AD146} = {06F58964-63F7-3EE2-BDAE-42E17B6AD146}
		{8CED1232-C261-3ED4-AA7D-C7B889D0BCB3} = {8CED1232-C261-3ED4-AA7D-C7B889D0BCB3}
		{497F1062-6F3F-3CA0-A728-DF62DD77FCB1} = {497F1062-6F3F-3CA0-A728-DF62DD77FCB1}
	EndProjectSection
EndProject
Project("{8BC9CEB8-8B4A-11D0-8D11-00A0C91BC942}") = "ZERO_CHECK", "ZERO_CHECK.vcxproj", "{497F1062-6F3F-3CA0-A728-DF62DD77FCB1}"
	ProjectSection(ProjectDependencies) = postProject
	EndProjectSection
EndProject
Global
	GlobalSection(SolutionConfigurationPlatforms) = preSolution
		Debug|Win32 = Debug|Win32
		Release|Win32 = Release|Win32
		MinSizeRel|Win32 = MinSizeRel|Win32
		RelWithDebInfo|Win32 = RelWithDebInfo|Win32
	EndGlobalSection
	GlobalSection(ProjectConfigurationPlatforms) = postSolution
		{E7A2D490-7E86-3C96-AF21-4B84F56B5F53}.Debug|Win32.ActiveCfg = Debug|Win32
		{E7A2D490-7E86-3C96-AF21-4B84F56B5F53}.Debug|Win32.Build.0 = Debug|Win32
		{E7A2D490-7E86-3C96-AF21-4B84F56B5F53}.Release|Win32.ActiveCfg = Release|Win32
		{E7A2D490-7E86-3C96-AF21-4B84F56B5F53}.Release|Win32.Build.0 = Release|Win32
		{E7A2D490-7E86-3C96-AF21-4B84F56B5F53}.MinSizeRel|Win32.ActiveCfg = MinSizeRel|Win32
		{E7A2D490-7E86-3C96-AF21-4B84F56B5F53}.MinSizeRel|Win32.Build.0 = MinSizeRel|Win32
		{E7A2D490-7E86-3C96-AF21-4B84F56B5F53}.RelWithDebInfo|Win32.ActiveCfg = RelWithDebInfo|Win32
		{E7A2D490-7E86-3C96-AF21-4B84F56B5F53}.RelWithDebInfo|Win32.Build.0 = RelWithDebInfo|Win32
		{7378FA4C-F4FA-35B5-B122-9354908E00F6}.Debug|Win32.ActiveCfg = Debug|Win32
		{7378FA4C-F4FA-35B5-B122-9354908E00F6}.Release|Win32.ActiveCfg = Release|Win32
		{7378FA4C-F4FA-35B5-B122-9354908E00F6}.MinSizeRel|Win32.ActiveCfg = MinSizeRel|Win32
		{7378FA4C-F4FA-35B5-B122-9354908E00F6}.RelWithDebInfo|Win32.ActiveCfg = RelWithDebInfo|Win32
		{06F58964-63F7-3EE2-BDAE-42E17B6AD146}.Debug|Win32.ActiveCfg = Debug|Win32
		{06F58964-63F7-3EE2-BDAE-42E17B6AD146}.Debug|Win32.Build.0 = Debug|Win32
		{06F58964-63F7-3EE2-BDAE-42E17B6AD146}.Release|Win32.ActiveCfg = Release|Win32
		{06F58964-63F7-3EE2-BDAE-42E17B6AD146}.Release|Win32.Build.0 = Release|Win32
		{06F58964-63F7-3EE2-BDAE-42E17B6AD146}.MinSizeRel|Win32.ActiveCfg = MinSizeRel|Win32
		{06F58964-63F7-3EE2-BDAE-42E17B6AD146}.MinSizeRel|Win32.Build.0 = MinSizeRel|Win32
		{06F58964-63F7-3EE2-BDAE-42E17B6AD146}.RelWithDebInfo|Win32.ActiveCfg = RelWithDebInfo|Win32
		{06F58964-63F7-3EE2-BDAE-42E17B6AD146}.RelWithDebInfo|Win32.Build.0 = RelWithDebInfo|Win32
		{8CED1232-C261-3ED4-AA7D-C7B889D0BCB3}.Debug|Win32.ActiveCfg = Debug|Win32
		{8CED1232-C261-3ED4-AA7D-C7B889D0BCB3}.Debug|Win32.Build.0 = Debug|Win32
		{8CED1232-C261-3ED4-AA7D-C7B889D0BCB3}.Release|Win32.ActiveCfg = Release|Win32
		{8CED1232-C261-3ED4-AA7D-C7B889D0BCB3}.Release|Win32.Build.0 = Release|Win32
		{8CED1232-C261-3ED4-AA7D-C7B889D0BCB3}.MinSizeRel|Win32.ActiveCfg = MinSizeRel|Win32
		{8CED1232-C261-3ED4-AA7D-C7B889D0BCB3}.MinSizeRel|Win32.Build.0 = MinSizeRel|Win32
		{8CED1232-C261-3ED4-AA7D-C7B889D0BCB3}.RelWithDebInfo|Win32.ActiveCfg = RelWithDebInfo|Win32
		{8CED1232-C261-3ED4-AA7D-C7B889D0BCB3}.RelWithDebInfo|Win32.Build.0 = RelWithDebInfo|Win32
		{F8091B53-DCC3-33E1-961E-412A7BAFD3FA}.Debug|Win32.ActiveCfg = Debug|Win32
		{F8091B53-DCC3-33E1-961E-412A7BAFD3FA}.Debug|Win32.Build.0 = Debug|Win32
		{F8091B53-DCC3-33E1-961E-412A7BAFD3FA}.Release|Win32.ActiveCfg = Release|Win32
		{F8091B53-DCC3-33E1-961E-412A7BAFD3FA}.Release|Win32.Build.0 = Release|Win32
		{F8091B53-DCC3-33E1-961E-412A7BAFD3FA}.MinSizeRel|Win32.ActiveCfg = MinSizeRel|Win32
		{F8091B53-DCC3-33E1-961E-412A7BAFD3FA}.MinSizeRel|Win32.Build.0 = MinSizeRel|Win32
		{F8091B53-DCC3-33E1-961E-412A7BAFD3FA}.RelWithDebInfo|Win32.ActiveCfg = RelWithDebInfo|Win32
		{F8091B53-DCC3-33E1-961E-412A7BAFD3FA}.RelWithDebInfo|Win32.Build.0 = RelWithDebInfo|Win32
		{3E53E529-FFF3-3478-A559-E85BCC29980F}.Debug|Win32.ActiveCfg = Debug|Win32
		{3E53E529-FFF3-3478-A559-E85BCC29980F}.Debug|Win32.Build.0 = Debug|Win32
		{3E53E529-FFF3-3478-A559-E85BCC29980F}.Release|Win32.ActiveCfg = Release|Win32
		{3E53E529-FFF3-3478-A559-E85BCC29980F}.Release|Win32.Build.0 = Release|Win32
		{3E53E529-FFF3-3478-A559-E85BCC29980F}.MinSizeRel|Win32.ActiveCfg = MinSizeRel|Win32
		{3E53E529-FFF3-3478-A559-E85BCC29980F}.MinSizeRel|Win32.Build.0 = MinSizeRel|Win32
		{3E53E529-FFF3-3478-A559-E85BCC29980F}.RelWithDebInfo|Win32.ActiveCfg = RelWithDebInfo|Win32
		{3E53E529-FFF3-3478-A559-E85BCC29980F}.RelWithDebInfo|Win32.Build.0 = RelWithDebInfo|Win32
		{85071636-C0B3-368D-96E2-4446C8F1CC6A}.Debug|Win32.ActiveCfg = Debug|Win32
		{85071636-C0B3-368D-96E2-4446C8F1CC6A}.Debug|Win32.Build.0 = Debug|Win32
		{85071636-C0B3-368D-96E2-4446C8F1CC6A}.Release|Win32.ActiveCfg = Release|Win32
		{85071636-C0B3-368D-96E2-4446C8F1CC6A}.Release|Win32.Build.0 = Release|Win32
		{85071636-C0B3-368D-96E2-4446C8F1CC6A}.MinSizeRel|Win32.ActiveCfg = MinSizeRel|Win32
		{85071636-C0B3-368D-96E2-4446C8F1CC6A}.MinSizeRel|Win32.Build.0 = MinSizeRel|Win32
		{85071636-C0B3-368D-96E2-4446C8F1CC6A}.RelWithDebInfo|Win32.ActiveCfg = RelWithDebInfo|Win32
		{85071636-C0B3-368D-96E2-4446C8F1CC6A}.RelWithDebInfo|Win32.Build.0 = RelWithDebInfo|Win32
		{76586535-04C4-31E4-9500-C66336B41BAC}.Debug|Win32.ActiveCfg = Debug|Win32
		{76586535-04C4-31E4-9500-C66336B41BAC}.Debug|Win32.Build.0 = Debug|Win32
		{76586535-04C4-31E4-9500-C66336B41BAC}.Release|Win32.ActiveCfg = Release|Win32
		{76586535-04C4-31E4-9500-C66336B41BAC}.Release|Win32.Build.0 = Release|Win32
		{76586535-04C4-31E4-9500-C66336B41BAC}.MinSizeRel|Win32.ActiveCfg = MinSizeRel|Win32
		{76586535-04C4-31E4-9500-C66336B41BAC}.MinSizeRel|Win32.Build.0 = MinSizeRel|Win32
		{76586535-04C4-31E4-9500-C66336B41BAC}.RelWithDebInfo|Win32.ActiveCfg = RelWithDebInfo|Win32
		{76586535-04C4-31E4-9500-C66336B41BAC}.RelWithDebInfo|Win32.Build.0 = RelWithDebInfo|Win32
		{3CC7FCE0-4C0C-3454-8BE6-5E031884C42F}.Debug|Win32.ActiveCfg = Debug|Win32
		{3CC7FCE0-4C0C-3454-8BE6-5E031884C42F}.Debug|Win32.Build.0 = Debug|Win32
		{3CC7FCE0-4C0C-3454-8BE6-5E031884C42F}.Release|Win32.ActiveCfg = Release|Win32
		{3CC7FCE0-4C0C-3454-8BE6-5E031884C42F}.Release|Win32.Build.0 = Release|Win32
		{3CC7FCE0-4C0C-3454-8BE6-5E031884C42F}.MinSizeRel|Win32.ActiveCfg = MinSizeRel|Win32
		{3CC7FCE0-4C0C-3454-8BE6-5E031884C42F}.MinSizeRel|Win32.Build.0 = MinSizeRel|Win32
		{3CC7FCE0-4C0C-3454-8BE6-5E031884C42F}.RelWithDebInfo|Win32.ActiveCfg = RelWithDebInfo|Win32
		{3CC7FCE0-4C0C-3454-8BE6-5E031884C42F}.RelWithDebInfo|Win32.Build.0 = RelWithDebInfo|Win32
		{7A2C678C-87BF-3D09-AEA2-5FAD41D3C0F6}.Debug|Win32.ActiveCfg = Debug|Win32
		{7A2C678C-87BF-3D09-AEA2-5FAD41D3C0F6}.Debug|Win32.Build.0 = Debug|Win32
		{7A2C678C-87BF-3D09-AEA2-5FAD41D3C0F6}.Release|Win32.ActiveCfg = Release|Win32
		{7A2C678C-87BF-3D09-AEA2-5FAD41D3C0F6}.Release|Win32.Build.0 = Release|Win32
		{7A2C678C-87BF-3D09-AEA2-5FAD41D3C0F6}.MinSizeRel|Win32.ActiveCfg = MinSizeRel|Win32
		{7A2C678C-87BF-3D09-AEA2-5FAD41D3C0F6}.MinSizeRel|Win32.Build.0 = MinSizeRel|Win32
		{7A2C678C-87BF-3D09-AEA2-5FAD41D3C0F6}.RelWithDebInfo|Win32.ActiveCfg = RelWithDebInfo|Win32
		{7A2C678C-87BF-3D09-AEA2-5FAD41D3C0F6}.RelWithDebInfo|Win32.Build.0 = RelWithDebInfo|Win32
		{D5240C1F-A8B0-3701-821F-D37E8AF84392}.Debug|Win32.ActiveCfg = Debug|Win32
		{D5240C1F-A8B0-3701-821F-D37E8AF84392}.Debug|Win32.Build.0 = Debug|Win32
		{D5240C1F-A8B0-3701-821F-D37E8AF84392}.Release|Win32.ActiveCfg = Release|Win32
		{D5240C1F-A8B0-3701-821F-D37E8AF84392}.Release|Win32.Build.0 = Release|Win32
		{D5240C1F-A8B0-3701-821F-D37E8AF84392}.MinSizeRel|Win32.ActiveCfg = MinSizeRel|Win32
		{D5240C1F-A8B0-3701-821F-D37E8AF84392}.MinSizeRel|Win32.Build.0 = MinSizeRel|Win32
		{D5240C1F-A8B0-3701-821F-D37E8AF84392}.RelWithDebInfo|Win32.ActiveCfg = RelWithDebInfo|Win32
		{D5240C1F-A8B0-3701-821F-D37E8AF84392}.RelWithDebInfo|Win32.Build.0 = RelWithDebInfo|Win32
		{1698A109-2333-37CF-81CA-CC7508EF91B7}.Debug|Win32.ActiveCfg = Debug|Win32
		{1698A109-2333-37CF-81CA-CC7508EF91B7}.Debug|Win32.Build.0 = Debug|Win32
		{1698A109-2333-37CF-81CA-CC7508EF91B7}.Release|Win32.ActiveCfg = Release|Win32
		{1698A109-2333-37CF-81CA-CC7508EF91B7}.Release|Win32.Build.0 = Release|Win32
		{1698A109-2333-37CF-81CA-CC7508EF91B7}.MinSizeRel|Win32.ActiveCfg = MinSizeRel|Win32
		{1698A109-2333-37CF-81CA-CC7508EF91B7}.MinSizeRel|Win32.Build.0 = MinSizeRel|Win32
		{1698A109-2333-37CF-81CA-CC7508EF91B7}.RelWithDebInfo|Win32.ActiveCfg = RelWithDebInfo|Win32
		{1698A109-2333-37CF-81CA-CC7508EF91B7}.RelWithDebInfo|Win32.Build.0 = RelWithDebInfo|Win32
		{721F9489-4311-3E86-912D-9FB042538C3A}.Debug|Win32.ActiveCfg = Debug|Win32
		{721F9489-4311-3E86-912D-9FB042538C3A}.Debug|Win32.Build.0 = Debug|Win32
		{721F9489-4311-3E86-912D-9FB042538C3A}.Release|Win32.ActiveCfg = Release|Win32
		{721F9489-4311-3E86-912D-9FB042538C3A}.Release|Win32.Build.0 = Release|Win32
		{721F9489-4311-3E86-912D-9FB042538C3A}.MinSizeRel|Win32.ActiveCfg = MinSizeRel|Win32
		{721F9489-4311-3E86-912D-9FB042538C3A}.MinSizeRel|Win32.Build.0 = MinSizeRel|Win32
		{721F9489-4311-3E86-912D-9FB042538C3A}.RelWithDebInfo|Win32.ActiveCfg = RelWithDebInfo|Win32
		{721F9489-4311-3E86-912D-9FB042538C3A}.RelWithDebInfo|Win32.Build.0 = RelWithDebInfo|Win32
		{5D04DA49-8403-3434-842D-952E102E05DC}.Debug|Win32.ActiveCfg = Debug|Win32
		{5D04DA49-8403-3434-842D-952E102E05DC}.Debug|Win32.Build.0 = Debug|Win32
		{5D04DA49-8403-3434-842D-952E102E05DC}.Release|Win32.ActiveCfg = Release|Win32
		{5D04DA49-8403-3434-842D-952E102E05DC}.Release|Win32.Build.0 = Release|Win32
		{5D04DA49-8403-3434-842D-952E102E05DC}.MinSizeRel|Win32.ActiveCfg = MinSizeRel|Win32
		{5D04DA49-8403-3434-842D-952E102E05DC}.MinSizeRel|Win32.Build.0 = MinSizeRel|Win32
		{5D04DA49-8403-3434-842D-952E102E05DC}.RelWithDebInfo|Win32.ActiveCfg = RelWithDebInfo|Win32
		{5D04DA49-8403-3434-842D-952E102E05DC}.RelWithDebInfo|Win32.Build.0 = RelWithDebInfo|Win32
		{8A085646-0D49-3972-BF86-C0B8A60BDE3C}.Debug|Win32.ActiveCfg = Debug|Win32
		{8A085646-0D49-3972-BF86-C0B8A60BDE3C}.Debug|Win32.Build.0 = Debug|Win32
		{8A085646-0D49-3972-BF86-C0B8A60BDE3C}.Release|Win32.ActiveCfg = Release|Win32
		{8A085646-0D49-3972-BF86-C0B8A60BDE3C}.Release|Win32.Build.0 = Release|Win32
		{8A085646-0D49-3972-BF86-C0B8A60BDE3C}.MinSizeRel|Win32.ActiveCfg = MinSizeRel|Win32
		{8A085646-0D49-3972-BF86-C0B8A60BDE3C}.MinSizeRel|Win32.Build.0 = MinSizeRel|Win32
		{8A085646-0D49-3972-BF86-C0B8A60BDE3C}.RelWithDebInfo|Win32.ActiveCfg = RelWithDebInfo|Win32
		{8A085646-0D49-3972-BF86-C0B8A60BDE3C}.RelWithDebInfo|Win32.Build.0 = RelWithDebInfo|Win32
		{AC50E455-8B3A-35FB-978E-E77C73AC43ED}.Debug|Win32.ActiveCfg = Debug|Win32
		{AC50E455-8B3A-35FB-978E-E77C73AC43ED}.Debug|Win32.Build.0 = Debug|Win32
		{AC50E455-8B3A-35FB-978E-E77C73AC43ED}.Release|Win32.ActiveCfg = Release|Win32
		{AC50E455-8B3A-35FB-978E-E77C73AC43ED}.Release|Win32.Build.0 = Release|Win32
		{AC50E455-8B3A-35FB-978E-E77C73AC43ED}.MinSizeRel|Win32.ActiveCfg = MinSizeRel|Win32
		{AC50E455-8B3A-35FB-978E-E77C73AC43ED}.MinSizeRel|Win32.Build.0 = MinSizeRel|Win32
		{AC50E455-8B3A-35FB-978E-E77C73AC43ED}.RelWithDebInfo|Win32.ActiveCfg = RelWithDebInfo|Win32
		{AC50E455-8B3A-35FB-978E-E77C73AC43ED}.RelWithDebInfo|Win32.Build.0 = RelWithDebInfo|Win32
		{3A1532CC-77B7-3D12-801D-9C10109290C4}.Debug|Win32.ActiveCfg = Debug|Win32
		{3A1532CC-77B7-3D12-801D-9C10109290C4}.Debug|Win32.Build.0 = Debug|Win32
		{3A1532CC-77B7-3D12-801D-9C10109290C4}.Release|Win32.ActiveCfg = Release|Win32
		{3A1532CC-77B7-3D12-801D-9C10109290C4}.Release|Win32.Build.0 = Release|Win32
		{3A1532CC-77B7-3D12-801D-9C10109290C4}.MinSizeRel|Win32.ActiveCfg = MinSizeRel|Win32
		{3A1532CC-77B7-3D12-801D-9C10109290C4}.MinSizeRel|Win32.Build.0 = MinSizeRel|Win32
		{3A1532CC-77B7-3D12-801D-9C10109290C4}.RelWithDebInfo|Win32.ActiveCfg = RelWithDebInfo|Win32
		{3A1532CC-77B7-3D12-801D-9C10109290C4}.RelWithDebInfo|Win32.Build.0 = RelWithDebInfo|Win32
		{22794454-A6B8-3348-A10E-25520D28682B}.Debug|Win32.ActiveCfg = Debug|Win32
		{22794454-A6B8-3348-A10E-25520D28682B}.Debug|Win32.Build.0 = Debug|Win32
		{22794454-A6B8-3348-A10E-25520D28682B}.Release|Win32.ActiveCfg = Release|Win32
		{22794454-A6B8-3348-A10E-25520D28682B}.Release|Win32.Build.0 = Release|Win32
		{22794454-A6B8-3348-A10E-25520D28682B}.MinSizeRel|Win32.ActiveCfg = MinSizeRel|Win32
		{22794454-A6B8-3348-A10E-25520D28682B}.MinSizeRel|Win32.Build.0 = MinSizeRel|Win32
		{22794454-A6B8-3348-A10E-25520D28682B}.RelWithDebInfo|Win32.ActiveCfg = RelWithDebInfo|Win32
		{22794454-A6B8-3348-A10E-25520D28682B}.RelWithDebInfo|Win32.Build.0 = RelWithDebInfo|Win32
		{9F5C429C-3269-30CF-94B6-B7DD193817D9}.Debug|Win32.ActiveCfg = Debug|Win32
		{9F5C429C-3269-30CF-94B6-B7DD193817D9}.Debug|Win32.Build.0 = Debug|Win32
		{9F5C429C-3269-30CF-94B6-B7DD193817D9}.Release|Win32.ActiveCfg = Release|Win32
		{9F5C429C-3269-30CF-94B6-B7DD193817D9}.Release|Win32.Build.0 = Release|Win32
		{9F5C429C-3269-30CF-94B6-B7DD193817D9}.MinSizeRel|Win32.ActiveCfg = MinSizeRel|Win32
		{9F5C429C-3269-30CF-94B6-B7DD193817D9}.MinSizeRel|Win32.Build.0 = MinSizeRel|Win32
		{9F5C429C-3269-30CF-94B6-B7DD193817D9}.RelWithDebInfo|Win32.ActiveCfg = RelWithDebInfo|Win32
		{9F5C429C-3269-30CF-94B6-B7DD193817D9}.RelWithDebInfo|Win32.Build.0 = RelWithDebInfo|Win32
		{0C67F6F7-F913-3A96-8E72-730CC410E83F}.Debug|Win32.ActiveCfg = Debug|Win32
		{0C67F6F7-F913-3A96-8E72-730CC410E83F}.Debug|Win32.Build.0 = Debug|Win32
		{0C67F6F7-F913-3A96-8E72-730CC410E83F}.Release|Win32.ActiveCfg = Release|Win32
		{0C67F6F7-F913-3A96-8E72-730CC410E83F}.Release|Win32.Build.0 = Release|Win32
		{0C67F6F7-F913-3A96-8E72-730CC410E83F}.MinSizeRel|Win32.ActiveCfg = MinSizeRel|Win32
		{0C67F6F7-F913-3A96-8E72-730CC410E83F}.MinSizeRel|Win32.Build.0 = MinSizeRel|Win32
		{0C67F6F7-F913-3A96-8E72-730CC410E83F}.RelWithDebInfo|Win32.ActiveCfg = RelWithDebInfo|Win32
		{0C67F6F7-F913-3A96-8E72-730CC410E83F}.RelWithDebInfo|Win32.Build.0 = RelWithDebInfo|Win32
		{A2D158CE-2B5E-3B3A-A5A5-953B0190D504}.Debug|Win32.ActiveCfg = Debug|Win32
		{A2D158CE-2B5E-3B3A-A5A5-953B0190D504}.Debug|Win32.Build.0 = Debug|Win32
		{A2D158CE-2B5E-3B3A-A5A5-953B0190D504}.Release|Win32.ActiveCfg = Release|Win32
		{A2D158CE-2B5E-3B3A-A5A5-953B0190D504}.Release|Win32.Build.0 = Release|Win32
		{A2D158CE-2B5E-3B3A-A5A5-953B0190D504}.MinSizeRel|Win32.ActiveCfg = MinSizeRel|Win32
		{A2D158CE-2B5E-3B3A-A5A5-953B0190D504}.MinSizeRel|Win32.Build.0 = MinSizeRel|Win32
		{A2D158CE-2B5E-3B3A-A5A5-953B0190D504}.RelWithDebInfo|Win32.ActiveCfg = RelWithDebInfo|Win32
		{A2D158CE-2B5E-3B3A-A5A5-953B0190D504}.RelWithDebInfo|Win32.Build.0 = RelWithDebInfo|Win32
		{83B94677-88B4-316B-87B0-82D45C8EE865}.Debug|Win32.ActiveCfg = Debug|Win32
		{83B94677-88B4-316B-87B0-82D45C8EE865}.Debug|Win32.Build.0 = Debug|Win32
		{83B94677-88B4-316B-87B0-82D45C8EE865}.Release|Win32.ActiveCfg = Release|Win32
		{83B94677-88B4-316B-87B0-82D45C8EE865}.Release|Win32.Build.0 = Release|Win32
		{83B94677-88B4-316B-87B0-82D45C8EE865}.MinSizeRel|Win32.ActiveCfg = MinSizeRel|Win32
		{83B94677-88B4-316B-87B0-82D45C8EE865}.MinSizeRel|Win32.Build.0 = MinSizeRel|Win32
		{83B94677-88B4-316B-87B0-82D45C8EE865}.RelWithDebInfo|Win32.ActiveCfg = RelWithDebInfo|Win32
		{83B94677-88B4-316B-87B0-82D45C8EE865}.RelWithDebInfo|Win32.Build.0 = RelWithDebInfo|Win32
		{D65F402A-C94E-3354-8C0A-F02978EE6B25}.Debug|Win32.ActiveCfg = Debug|Win32
		{D65F402A-C94E-3354-8C0A-F02978EE6B25}.Debug|Win32.Build.0 = Debug|Win32
		{D65F402A-C94E-3354-8C0A-F02978EE6B25}.Release|Win32.ActiveCfg = Release|Win32
		{D65F402A-C94E-3354-8C0A-F02978EE6B25}.Release|Win32.Build.0 = Release|Win32
		{D65F402A-C94E-3354-8C0A-F02978EE6B25}.MinSizeRel|Win32.ActiveCfg = MinSizeRel|Win32
		{D65F402A-C94E-3354-8C0A-F02978EE6B25}.MinSizeRel|Win32.Build.0 = MinSizeRel|Win32
		{D65F402A-C94E-3354-8C0A-F02978EE6B25}.RelWithDebInfo|Win32.ActiveCfg = RelWithDebInfo|Win32
		{D65F402A-C94E-3354-8C0A-F02978EE6B25}.RelWithDebInfo|Win32.Build.0 = RelWithDebInfo|Win32
		{49FFE441-CB8A-3C4B-8E6B-7969AEBCE507}.Debug|Win32.ActiveCfg = Debug|Win32
		{49FFE441-CB8A-3C4B-8E6B-7969AEBCE507}.Debug|Win32.Build.0 = Debug|Win32
		{49FFE441-CB8A-3C4B-8E6B-7969AEBCE507}.Release|Win32.ActiveCfg = Release|Win32
		{49FFE441-CB8A-3C4B-8E6B-7969AEBCE507}.Release|Win32.Build.0 = Release|Win32
		{49FFE441-CB8A-3C4B-8E6B-7969AEBCE507}.MinSizeRel|Win32.ActiveCfg = MinSizeRel|Win32
		{49FFE441-CB8A-3C4B-8E6B-7969AEBCE507}.MinSizeRel|Win32.Build.0 = MinSizeRel|Win32
		{49FFE441-CB8A-3C4B-8E6B-7969AEBCE507}.RelWithDebInfo|Win32.ActiveCfg = RelWithDebInfo|Win32
		{49FFE441-CB8A-3C4B-8E6B-7969AEBCE507}.RelWithDebInfo|Win32.Build.0 = RelWithDebInfo|Win32
		{016ACB7C-4340-3F3F-8873-2DE0591F2ECA}.Debug|Win32.ActiveCfg = Debug|Win32
		{016ACB7C-4340-3F3F-8873-2DE0591F2ECA}.Debug|Win32.Build.0 = Debug|Win32
		{016ACB7C-4340-3F3F-8873-2DE0591F2ECA}.Release|Win32.ActiveCfg = Release|Win32
		{016ACB7C-4340-3F3F-8873-2DE0591F2ECA}.Release|Win32.Build.0 = Release|Win32
		{016ACB7C-4340-3F3F-8873-2DE0591F2ECA}.MinSizeRel|Win32.ActiveCfg = MinSizeRel|Win32
		{016ACB7C-4340-3F3F-8873-2DE0591F2ECA}.MinSizeRel|Win32.Build.0 = MinSizeRel|Win32
		{016ACB7C-4340-3F3F-8873-2DE0591F2ECA}.RelWithDebInfo|Win32.ActiveCfg = RelWithDebInfo|Win32
		{016ACB7C-4340-3F3F-8873-2DE0591F2ECA}.RelWithDebInfo|Win32.Build.0 = RelWithDebInfo|Win32
		{AAE93B61-6B3E-3F04-B640-F4D6BC378051}.Debug|Win32.ActiveCfg = Debug|Win32
		{AAE93B61-6B3E-3F04-B640-F4D6BC378051}.Debug|Win32.Build.0 = Debug|Win32
		{AAE93B61-6B3E-3F04-B640-F4D6BC378051}.Release|Win32.ActiveCfg = Release|Win32
		{AAE93B61-6B3E-3F04-B640-F4D6BC378051}.Release|Win32.Build.0 = Release|Win32
		{AAE93B61-6B3E-3F04-B640-F4D6BC378051}.MinSizeRel|Win32.ActiveCfg = MinSizeRel|Win32
		{AAE93B61-6B3E-3F04-B640-F4D6BC378051}.MinSizeRel|Win32.Build.0 = MinSizeRel|Win32
		{AAE93B61-6B3E-3F04-B640-F4D6BC378051}.RelWithDebInfo|Win32.ActiveCfg = RelWithDebInfo|Win32
		{AAE93B61-6B3E-3F04-B640-F4D6BC378051}.RelWithDebInfo|Win32.Build.0 = RelWithDebInfo|Win32
		{A5804AF6-DB22-3608-A91A-404227EC57FC}.Debug|Win32.ActiveCfg = Debug|Win32
		{A5804AF6-DB22-3608-A91A-404227EC57FC}.Debug|Win32.Build.0 = Debug|Win32
		{A5804AF6-DB22-3608-A91A-404227EC57FC}.Release|Win32.ActiveCfg = Release|Win32
		{A5804AF6-DB22-3608-A91A-404227EC57FC}.Release|Win32.Build.0 = Release|Win32
		{A5804AF6-DB22-3608-A91A-404227EC57FC}.MinSizeRel|Win32.ActiveCfg = MinSizeRel|Win32
		{A5804AF6-DB22-3608-A91A-404227EC57FC}.MinSizeRel|Win32.Build.0 = MinSizeRel|Win32
		{A5804AF6-DB22-3608-A91A-404227EC57FC}.RelWithDebInfo|Win32.ActiveCfg = RelWithDebInfo|Win32
		{A5804AF6-DB22-3608-A91A-404227EC57FC}.RelWithDebInfo|Win32.Build.0 = RelWithDebInfo|Win32
		{8AE215F8-09EA-3939-85CD-4F0B978624C6}.Debug|Win32.ActiveCfg = Debug|Win32
		{8AE215F8-09EA-3939-85CD-4F0B978624C6}.Debug|Win32.Build.0 = Debug|Win32
		{8AE215F8-09EA-3939-85CD-4F0B978624C6}.Release|Win32.ActiveCfg = Release|Win32
		{8AE215F8-09EA-3939-85CD-4F0B978624C6}.Release|Win32.Build.0 = Release|Win32
		{8AE215F8-09EA-3939-85CD-4F0B978624C6}.MinSizeRel|Win32.ActiveCfg = MinSizeRel|Win32
		{8AE215F8-09EA-3939-85CD-4F0B978624C6}.MinSizeRel|Win32.Build.0 = MinSizeRel|Win32
		{8AE215F8-09EA-3939-85CD-4F0B978624C6}.RelWithDebInfo|Win32.ActiveCfg = RelWithDebInfo|Win32
		{8AE215F8-09EA-3939-85CD-4F0B978624C6}.RelWithDebInfo|Win32.Build.0 = RelWithDebInfo|Win32
		{77DBBE7D-52B6-35FC-8DDF-6B6E38B9BBAA}.Debug|Win32.ActiveCfg = Debug|Win32
		{77DBBE7D-52B6-35FC-8DDF-6B6E38B9BBAA}.Debug|Win32.Build.0 = Debug|Win32
		{77DBBE7D-52B6-35FC-8DDF-6B6E38B9BBAA}.Release|Win32.ActiveCfg = Release|Win32
		{77DBBE7D-52B6-35FC-8DDF-6B6E38B9BBAA}.Release|Win32.Build.0 = Release|Win32
		{77DBBE7D-52B6-35FC-8DDF-6B6E38B9BBAA}.MinSizeRel|Win32.ActiveCfg = MinSizeRel|Win32
		{77DBBE7D-52B6-35FC-8DDF-6B6E38B9BBAA}.MinSizeRel|Win32.Build.0 = MinSizeRel|Win32
		{77DBBE7D-52B6-35FC-8DDF-6B6E38B9BBAA}.RelWithDebInfo|Win32.ActiveCfg = RelWithDebInfo|Win32
		{77DBBE7D-52B6-35FC-8DDF-6B6E38B9BBAA}.RelWithDebInfo|Win32.Build.0 = RelWithDebInfo|Win32
		{94C8ED9B-2D44-399B-A892-35E7C75505C0}.Debug|Win32.ActiveCfg = Debug|Win32
		{94C8ED9B-2D44-399B-A892-35E7C75505C0}.Debug|Win32.Build.0 = Debug|Win32
		{94C8ED9B-2D44-399B-A892-35E7C75505C0}.Release|Win32.ActiveCfg = Release|Win32
		{94C8ED9B-2D44-399B-A892-35E7C75505C0}.Release|Win32.Build.0 = Release|Win32
		{94C8ED9B-2D44-399B-A892-35E7C75505C0}.MinSizeRel|Win32.ActiveCfg = MinSizeRel|Win32
		{94C8ED9B-2D44-399B-A892-35E7C75505C0}.MinSizeRel|Win32.Build.0 = MinSizeRel|Win32
		{94C8ED9B-2D44-399B-A892-35E7C75505C0}.RelWithDebInfo|Win32.ActiveCfg = RelWithDebInfo|Win32
		{94C8ED9B-2D44-399B-A892-35E7C75505C0}.RelWithDebInfo|Win32.Build.0 = RelWithDebInfo|Win32
		{4E8126B0-5753-36FA-8360-E10A68C5855B}.Debug|Win32.ActiveCfg = Debug|Win32
		{4E8126B0-5753-36FA-8360-E10A68C5855B}.Debug|Win32.Build.0 = Debug|Win32
		{4E8126B0-5753-36FA-8360-E10A68C5855B}.Release|Win32.ActiveCfg = Release|Win32
		{4E8126B0-5753-36FA-8360-E10A68C5855B}.Release|Win32.Build.0 = Release|Win32
		{4E8126B0-5753-36FA-8360-E10A68C5855B}.MinSizeRel|Win32.ActiveCfg = MinSizeRel|Win32
		{4E8126B0-5753-36FA-8360-E10A68C5855B}.MinSizeRel|Win32.Build.0 = MinSizeRel|Win32
		{4E8126B0-5753-36FA-8360-E10A68C5855B}.RelWithDebInfo|Win32.ActiveCfg = RelWithDebInfo|Win32
		{4E8126B0-5753-36FA-8360-E10A68C5855B}.RelWithDebInfo|Win32.Build.0 = RelWithDebInfo|Win32
		{FC4CA7B4-A642-3791-BE42-5B6F3FEE5F72}.Debug|Win32.ActiveCfg = Debug|Win32
		{FC4CA7B4-A642-3791-BE42-5B6F3FEE5F72}.Debug|Win32.Build.0 = Debug|Win32
		{FC4CA7B4-A642-3791-BE42-5B6F3FEE5F72}.Release|Win32.ActiveCfg = Release|Win32
		{FC4CA7B4-A642-3791-BE42-5B6F3FEE5F72}.Release|Win32.Build.0 = Release|Win32
		{FC4CA7B4-A642-3791-BE42-5B6F3FEE5F72}.MinSizeRel|Win32.ActiveCfg = MinSizeRel|Win32
		{FC4CA7B4-A642-3791-BE42-5B6F3FEE5F72}.MinSizeRel|Win32.Build.0 = MinSizeRel|Win32
		{FC4CA7B4-A642-3791-BE42-5B6F3FEE5F72}.RelWithDebInfo|Win32.ActiveCfg = RelWithDebInfo|Win32
		{FC4CA7B4-A642-3791-BE42-5B6F3FEE5F72}.RelWithDebInfo|Win32.Build.0 = RelWithDebInfo|Win32
		{FA856BD4-C3CB-3694-B91B-1970D8948E79}.Debug|Win32.ActiveCfg = Debug|Win32
		{FA856BD4-C3CB-3694-B91B-1970D8948E79}.Debug|Win32.Build.0 = Debug|Win32
		{FA856BD4-C3CB-3694-B91B-1970D8948E79}.Release|Win32.ActiveCfg = Release|Win32
		{FA856BD4-C3CB-3694-B91B-1970D8948E79}.Release|Win32.Build.0 = Release|Win32
		{FA856BD4-C3CB-3694-B91B-1970D8948E79}.MinSizeRel|Win32.ActiveCfg = MinSizeRel|Win32
		{FA856BD4-C3CB-3694-B91B-1970D8948E79}.MinSizeRel|Win32.Build.0 = MinSizeRel|Win32
		{FA856BD4-C3CB-3694-B91B-1970D8948E79}.RelWithDebInfo|Win32.ActiveCfg = RelWithDebInfo|Win32
		{FA856BD4-C3CB-3694-B91B-1970D8948E79}.RelWithDebInfo|Win32.Build.0 = RelWithDebInfo|Win32
		{9DF7618E-2364-3387-9148-BE3E3DAA5076}.Debug|Win32.ActiveCfg = Debug|Win32
		{9DF7618E-2364-3387-9148-BE3E3DAA5076}.Debug|Win32.Build.0 = Debug|Win32
		{9DF7618E-2364-3387-9148-BE3E3DAA5076}.Release|Win32.ActiveCfg = Release|Win32
		{9DF7618E-2364-3387-9148-BE3E3DAA5076}.Release|Win32.Build.0 = Release|Win32
		{9DF7618E-2364-3387-9148-BE3E3DAA5076}.MinSizeRel|Win32.ActiveCfg = MinSizeRel|Win32
		{9DF7618E-2364-3387-9148-BE3E3DAA5076}.MinSizeRel|Win32.Build.0 = MinSizeRel|Win32
		{9DF7618E-2364-3387-9148-BE3E3DAA5076}.RelWithDebInfo|Win32.ActiveCfg = RelWithDebInfo|Win32
		{9DF7618E-2364-3387-9148-BE3E3DAA5076}.RelWithDebInfo|Win32.Build.0 = RelWithDebInfo|Win32
		{4325AB07-0639-33B8-8448-4D554CBC62D2}.Debug|Win32.ActiveCfg = Debug|Win32
		{4325AB07-0639-33B8-8448-4D554CBC62D2}.Debug|Win32.Build.0 = Debug|Win32
		{4325AB07-0639-33B8-8448-4D554CBC62D2}.Release|Win32.ActiveCfg = Release|Win32
		{4325AB07-0639-33B8-8448-4D554CBC62D2}.Release|Win32.Build.0 = Release|Win32
		{4325AB07-0639-33B8-8448-4D554CBC62D2}.MinSizeRel|Win32.ActiveCfg = MinSizeRel|Win32
		{4325AB07-0639-33B8-8448-4D554CBC62D2}.MinSizeRel|Win32.Build.0 = MinSizeRel|Win32
		{4325AB07-0639-33B8-8448-4D554CBC62D2}.RelWithDebInfo|Win32.ActiveCfg = RelWithDebInfo|Win32
		{4325AB07-0639-33B8-8448-4D554CBC62D2}.RelWithDebInfo|Win32.Build.0 = RelWithDebInfo|Win32
		{497F1062-6F3F-3CA0-A728-DF62DD77FCB1}.Debug|Win32.ActiveCfg = Debug|Win32
		{497F1062-6F3F-3CA0-A728-DF62DD77FCB1}.Debug|Win32.Build.0 = Debug|Win32
		{497F1062-6F3F-3CA0-A728-DF62DD77FCB1}.Release|Win32.ActiveCfg = Release|Win32
		{497F1062-6F3F-3CA0-A728-DF62DD77FCB1}.Release|Win32.Build.0 = Release|Win32
		{497F1062-6F3F-3CA0-A728-DF62DD77FCB1}.MinSizeRel|Win32.ActiveCfg = MinSizeRel|Win32
		{497F1062-6F3F-3CA0-A728-DF62DD77FCB1}.MinSizeRel|Win32.Build.0 = MinSizeRel|Win32
		{497F1062-6F3F-3CA0-A728-DF62DD77FCB1}.RelWithDebInfo|Win32.ActiveCfg = RelWithDebInfo|Win32
		{497F1062-6F3F-3CA0-A728-DF62DD77FCB1}.RelWithDebInfo|Win32.Build.0 = RelWithDebInfo|Win32
	EndGlobalSection
	GlobalSection(ExtensibilityGlobals) = postSolution
		SolutionGuid = {3073A126-A314-3F37-9B8D-B075057870DB}
	EndGlobalSection
	GlobalSection(ExtensibilityAddIns) = postSolution
	EndGlobalSection
EndGlobal
