<?xml version="1.0" encoding="utf-8"?>
<Project ToolsVersion="17.0" xmlns="http://schemas.microsoft.com/developer/msbuild/2003">
  <ItemGroup>
    <ClCompile Include="C:\Users\hallu\OneDrive\Dokumenter\Skóli\Game Programming\SimpleRenderEngineProject\project\Exercise4\ExampleGame\Game\AstroidController.cpp">
      <Filter>Source Files</Filter>
    </ClCompile>
    <ClCompile Include="C:\Users\hallu\OneDrive\Dokumenter\Skóli\Game Programming\SimpleRenderEngineProject\project\Exercise4\ExampleGame\Game\AstroidRendererSprite.cpp">
      <Filter>Source Files</Filter>
    </ClCompile>
    <ClCompile Include="C:\Users\hallu\OneDrive\Dokumenter\Skóli\Game Programming\SimpleRenderEngineProject\project\Exercise4\ExampleGame\Game\BulletController.cpp">
      <Filter>Source Files</Filter>
    </ClCompile>
    <ClCompile Include="C:\Users\hallu\OneDrive\Dokumenter\Skóli\Game Programming\SimpleRenderEngineProject\project\Exercise4\ExampleGame\Game\BulletRendererSprite.cpp">
      <Filter>Source Files</Filter>
    </ClCompile>
    <ClCompile Include="C:\Users\hallu\OneDrive\Dokumenter\Skóli\Game Programming\SimpleRenderEngineProject\project\Exercise4\ExampleGame\Game\CollisionController.cpp">
      <Filter>Source Files</Filter>
    </ClCompile>
    <ClCompile Include="C:\Users\hallu\OneDrive\Dokumenter\Skóli\Game Programming\SimpleRenderEngineProject\project\Exercise4\ExampleGame\Game\PlayerController.cpp">
      <Filter>Source Files</Filter>
    </ClCompile>
    <ClCompile Include="C:\Users\hallu\OneDrive\Dokumenter\Skóli\Game Programming\SimpleRenderEngineProject\project\Exercise4\ExampleGame\Game\PlayerRendererSprite.cpp">
      <Filter>Source Files</Filter>
    </ClCompile>
    <ClCompile Include="C:\Users\hallu\OneDrive\Dokumenter\Skóli\Game Programming\SimpleRenderEngineProject\project\Exercise4\ExampleGame\Game\WinController.cpp">
      <Filter>Source Files</Filter>
    </ClCompile>
    <ClCompile Include="C:\Users\hallu\OneDrive\Dokumenter\Skóli\Game Programming\SimpleRenderEngineProject\project\Exercise4\ExampleGame\main.cpp">
      <Filter>Source Files</Filter>
    </ClCompile>
  </ItemGroup>
  <ItemGroup>
    <ClInclude Include="C:\Users\hallu\OneDrive\Dokumenter\Skóli\Game Programming\SimpleRenderEngineProject\project\Exercise4\ExampleGame\Game\AstroidController.h">
      <Filter>Header Files</Filter>
    </ClInclude>
    <ClInclude Include="C:\Users\hallu\OneDrive\Dokumenter\Skóli\Game Programming\SimpleRenderEngineProject\project\Exercise4\ExampleGame\Game\AstroidRendererSprite.h">
      <Filter>Header Files</Filter>
    </ClInclude>
    <ClInclude Include="C:\Users\hallu\OneDrive\Dokumenter\Skóli\Game Programming\SimpleRenderEngineProject\project\Exercise4\ExampleGame\Game\BulletController.h">
      <Filter>Header Files</Filter>
    </ClInclude>
    <ClInclude Include="C:\Users\hallu\OneDrive\Dokumenter\Skóli\Game Programming\SimpleRenderEngineProject\project\Exercise4\ExampleGame\Game\BulletRendererSprite.h">
      <Filter>Header Files</Filter>
    </ClInclude>
    <ClInclude Include="C:\Users\hallu\OneDrive\Dokumenter\Skóli\Game Programming\SimpleRenderEngineProject\project\Exercise4\ExampleGame\Game\CollisionController.h">
      <Filter>Header Files</Filter>
    </ClInclude>
    <ClInclude Include="C:\Users\hallu\OneDrive\Dokumenter\Skóli\Game Programming\SimpleRenderEngineProject\project\Exercise4\ExampleGame\Game\PlayerController.h">
      <Filter>Header Files</Filter>
    </ClInclude>
    <ClInclude Include="C:\Users\hallu\OneDrive\Dokumenter\Skóli\Game Programming\SimpleRenderEngineProject\project\Exercise4\ExampleGame\Game\PlayerRendererSprite.h">
      <Filter>Header Files</Filter>
    </ClInclude>
    <ClInclude Include="C:\Users\hallu\OneDrive\Dokumenter\Skóli\Game Programming\SimpleRenderEngineProject\project\Exercise4\ExampleGame\Game\WinController.h">
      <Filter>Header Files</Filter>
    </ClInclude>
  </ItemGroup>
  <ItemGroup>
    <CustomBuild Include="C:\Users\hallu\OneDrive\Dokumenter\Skóli\Game Programming\SimpleRenderEngineProject\project\Exercise4\ExampleGame\CMakeLists.txt" />
  </ItemGroup>
  <ItemGroup>
    <Filter Include="Header Files">
      <UniqueIdentifier>{90B7EC38-7715-37A8-BCF4-0CBEE2330C48}</UniqueIdentifier>
    </Filter>
    <Filter Include="Source Files">
      <UniqueIdentifier>{9575A4D8-C66C-3F23-A0BA-EB95E8082A4B}</UniqueIdentifier>
    </Filter>
  </ItemGroup>
</Project>
