<?xml version="1.0" encoding="utf-8"?>
<Project ToolsVersion="17.0" xmlns="http://schemas.microsoft.com/developer/msbuild/2003">
  <ItemGroup>
    <CustomBuild Include="C:\Users\hallu\OneDrive\Dokumenter\Skóli\Game Programming\ESTCPOCDA\SimpleRenderEngineProject-bin\CMakeFiles\4ef9d0ba14a6c0579833ade7b7519886\INSTALL_force.rule">
      <Filter>CMake Rules</Filter>
    </CustomBuild>
  </ItemGroup>
  <ItemGroup>
    <Filter Include="CMake Rules">
      <UniqueIdentifier>{9C1A9105-0C1E-398C-9F3B-95983F85D94D}</UniqueIdentifier>
    </Filter>
  </ItemGroup>
</Project>
