<?xml version="1.0" encoding="utf-8"?>
<Project ToolsVersion="17.0" xmlns="http://schemas.microsoft.com/developer/msbuild/2003">
  <ItemGroup>
    <CustomBuild Include="C:\Users\hallu\OneDrive\Dokumenter\Skóli\Game Programming\SimpleRenderEngineProject-bin\CMakeFiles\4aaba6d47ebcbd4f1b7138fda4b3e91d\INSTALL_force.rule">
      <Filter>CMake Rules</Filter>
    </CustomBuild>
  </ItemGroup>
  <ItemGroup>
    <Filter Include="CMake Rules">
      <UniqueIdentifier>{2893E36F-16AB-3FBB-BBB9-C898C0676CBF}</UniqueIdentifier>
    </Filter>
  </ItemGroup>
</Project>
