<?xml version="1.0" encoding="utf-8"?>
<Project ToolsVersion="17.0" xmlns="http://schemas.microsoft.com/developer/msbuild/2003">
  <ItemGroup>
    <ClCompile Include="C:\Users\hallu\OneDrive\Dokumenter\Skóli\Game Programming\ESTCPOCDA\SimpleRenderEngineProject\finalProject\ESTCPOSDA\FinalProject\Engine\Engine\BoxColliderComponent.cpp">
      <Filter>Source Files</Filter>
    </ClCompile>
    <ClCompile Include="C:\Users\hallu\OneDrive\Dokumenter\Skóli\Game Programming\ESTCPOCDA\SimpleRenderEngineProject\finalProject\ESTCPOSDA\FinalProject\Engine\Engine\CollisionContext.cpp">
      <Filter>Source Files</Filter>
    </ClCompile>
    <ClCompile Include="C:\Users\hallu\OneDrive\Dokumenter\Skóli\Game Programming\ESTCPOCDA\SimpleRenderEngineProject\finalProject\ESTCPOSDA\FinalProject\Engine\Engine\Component.cpp">
      <Filter>Source Files</Filter>
    </ClCompile>
    <ClCompile Include="C:\Users\hallu\OneDrive\Dokumenter\Skóli\Game Programming\ESTCPOCDA\SimpleRenderEngineProject\finalProject\ESTCPOSDA\FinalProject\Engine\Engine\ConcreteStrategyAABB.cpp">
      <Filter>Source Files</Filter>
    </ClCompile>
    <ClCompile Include="C:\Users\hallu\OneDrive\Dokumenter\Skóli\Game Programming\ESTCPOCDA\SimpleRenderEngineProject\finalProject\ESTCPOSDA\FinalProject\Engine\Engine\ConcreteStrategyGJK.cpp">
      <Filter>Source Files</Filter>
    </ClCompile>
    <ClCompile Include="C:\Users\hallu\OneDrive\Dokumenter\Skóli\Game Programming\ESTCPOCDA\SimpleRenderEngineProject\finalProject\ESTCPOSDA\FinalProject\Engine\Engine\FishColliderComponent.cpp">
      <Filter>Source Files</Filter>
    </ClCompile>
    <ClCompile Include="C:\Users\hallu\OneDrive\Dokumenter\Skóli\Game Programming\ESTCPOCDA\SimpleRenderEngineProject\finalProject\ESTCPOSDA\FinalProject\Engine\Engine\GameObject.cpp">
      <Filter>Source Files</Filter>
    </ClCompile>
    <ClCompile Include="C:\Users\hallu\OneDrive\Dokumenter\Skóli\Game Programming\ESTCPOCDA\SimpleRenderEngineProject\finalProject\ESTCPOSDA\FinalProject\Engine\Engine\MyEngine.cpp">
      <Filter>Source Files</Filter>
    </ClCompile>
    <ClCompile Include="C:\Users\hallu\OneDrive\Dokumenter\Skóli\Game Programming\ESTCPOCDA\SimpleRenderEngineProject\finalProject\ESTCPOSDA\FinalProject\Engine\Engine\SimulationData.cpp">
      <Filter>Source Files</Filter>
    </ClCompile>
  </ItemGroup>
  <ItemGroup>
    <ClInclude Include="C:\Users\hallu\OneDrive\Dokumenter\Skóli\Game Programming\ESTCPOCDA\SimpleRenderEngineProject\finalProject\ESTCPOSDA\FinalProject\Engine\Engine\BoxColliderComponent.h">
      <Filter>Header Files</Filter>
    </ClInclude>
    <ClInclude Include="C:\Users\hallu\OneDrive\Dokumenter\Skóli\Game Programming\ESTCPOCDA\SimpleRenderEngineProject\finalProject\ESTCPOSDA\FinalProject\Engine\Engine\CollisionContext.h">
      <Filter>Header Files</Filter>
    </ClInclude>
    <ClInclude Include="C:\Users\hallu\OneDrive\Dokumenter\Skóli\Game Programming\ESTCPOCDA\SimpleRenderEngineProject\finalProject\ESTCPOSDA\FinalProject\Engine\Engine\Component.h">
      <Filter>Header Files</Filter>
    </ClInclude>
    <ClInclude Include="C:\Users\hallu\OneDrive\Dokumenter\Skóli\Game Programming\ESTCPOCDA\SimpleRenderEngineProject\finalProject\ESTCPOSDA\FinalProject\Engine\Engine\ConcreteStrategyAABB.h">
      <Filter>Header Files</Filter>
    </ClInclude>
    <ClInclude Include="C:\Users\hallu\OneDrive\Dokumenter\Skóli\Game Programming\ESTCPOCDA\SimpleRenderEngineProject\finalProject\ESTCPOSDA\FinalProject\Engine\Engine\ConcreteStrategyGJK.h">
      <Filter>Header Files</Filter>
    </ClInclude>
    <ClInclude Include="C:\Users\hallu\OneDrive\Dokumenter\Skóli\Game Programming\ESTCPOCDA\SimpleRenderEngineProject\finalProject\ESTCPOSDA\FinalProject\Engine\Engine\FishColliderComponent.h">
      <Filter>Header Files</Filter>
    </ClInclude>
    <ClInclude Include="C:\Users\hallu\OneDrive\Dokumenter\Skóli\Game Programming\ESTCPOCDA\SimpleRenderEngineProject\finalProject\ESTCPOSDA\FinalProject\Engine\Engine\GameObject.h">
      <Filter>Header Files</Filter>
    </ClInclude>
    <ClInclude Include="C:\Users\hallu\OneDrive\Dokumenter\Skóli\Game Programming\ESTCPOCDA\SimpleRenderEngineProject\finalProject\ESTCPOSDA\FinalProject\Engine\Engine\Logger.h">
      <Filter>Header Files</Filter>
    </ClInclude>
    <ClInclude Include="C:\Users\hallu\OneDrive\Dokumenter\Skóli\Game Programming\ESTCPOCDA\SimpleRenderEngineProject\finalProject\ESTCPOSDA\FinalProject\Engine\Engine\MyEngine.h">
      <Filter>Header Files</Filter>
    </ClInclude>
    <ClInclude Include="C:\Users\hallu\OneDrive\Dokumenter\Skóli\Game Programming\ESTCPOCDA\SimpleRenderEngineProject\finalProject\ESTCPOSDA\FinalProject\Engine\Engine\SimulationData.h">
      <Filter>Header Files</Filter>
    </ClInclude>
    <ClInclude Include="C:\Users\hallu\OneDrive\Dokumenter\Skóli\Game Programming\ESTCPOCDA\SimpleRenderEngineProject\finalProject\ESTCPOSDA\FinalProject\Engine\Engine\Strategy.h">
      <Filter>Header Files</Filter>
    </ClInclude>
  </ItemGroup>
  <ItemGroup>
    <CustomBuild Include="C:\Users\hallu\OneDrive\Dokumenter\Skóli\Game Programming\ESTCPOCDA\SimpleRenderEngineProject\finalProject\ESTCPOSDA\FinalProject\Engine\CMakeLists.txt" />
  </ItemGroup>
  <ItemGroup>
    <Filter Include="Header Files">
      <UniqueIdentifier>{8776E9BD-17CB-3C11-89A2-D64ECDF38FB1}</UniqueIdentifier>
    </Filter>
    <Filter Include="Source Files">
      <UniqueIdentifier>{D03F2015-BF39-366F-87DF-54283AD9681D}</UniqueIdentifier>
    </Filter>
  </ItemGroup>
</Project>
